{"filter":false,"title":"Gemfile.lock","tooltip":"/notice/Gemfile.lock","undoManager":{"mark":-1,"position":-1,"stack":[]},"ace":{"folds":[],"scrolltop":2280,"scrollleft":0,"selection":{"start":{"row":0,"column":0},"end":{"row":0,"column":0},"isBackwards":false},"options":{"guessTabSize":true,"useWrapMode":false,"wrapToView":true},"firstLineState":{"row":161,"state":"start","mode":"ace/mode/text"}},"timestamp":1633256424126,"hash":"47552e8b24a0492c6926a9775762bc1642e34eb7"}